
Microsoft Visual Studio Solution File, Format Version 12.00
# Visual Studio Version 17
VisualStudioVersion = 17.4.33122.133
MinimumVisualStudioVersion = 10.0.40219.1
Project("{FAE04EC0-301F-11D3-BF4B-00C04F79EFBC}") = "RecursiveMethodPractice", "RecursiveMethodPractice\RecursiveMethodPractice.csproj", "{4CFAB884-9B53-454F-B2C2-898401428BD7}"
EndProject
Global
	GlobalSection(SolutionConfigurationPlatforms) = preSolution
		Debug|Any CPU = Debug|Any CPU
		Release|Any CPU = Release|Any CPU
	EndGlobalSection
	GlobalSection(ProjectConfigurationPlatforms) = postSolution
		{4CFAB884-9B53-454F-B2C2-898401428BD7}.Debug|Any CPU.ActiveCfg = Debug|Any CPU
		{4CFAB884-9B53-454F-B2C2-898401428BD7}.Debug|Any CPU.Build.0 = Debug|Any CPU
		{4CFAB884-9B53-454F-B2C2-898401428BD7}.Release|Any CPU.ActiveCfg = Release|Any CPU
		{4CFAB884-9B53-454F-B2C2-898401428BD7}.Release|Any CPU.Build.0 = Release|Any CPU
	EndGlobalSection
	GlobalSection(SolutionProperties) = preSolution
		HideSolutionNode = FALSE
	EndGlobalSection
	GlobalSection(ExtensibilityGlobals) = postSolution
		SolutionGuid = {BA5DEC1B-4F81-4269-A434-988D860EB5CF}
	EndGlobalSection
EndGlobal
